// !$*UTF8*$!
{
	archiveVersion = 1;
	classes = {
	};
	objectVersion = 46;
	objects = {

/* Begin PBXBuildFile section */
		000566921562F94C003D114D /* UIKit.framework in Frameworks */ = {isa = PBXBuildFile; fileRef = 000566911562F94C003D114D /* UIKit.framework */; };
		000566941562F94C003D114D /* Foundation.framework in Frameworks */ = {isa = PBXBuildFile; fileRef = 000566931562F94C003D114D /* Foundation.framework */; };
		000566961562F94C003D114D /* CoreGraphics.framework in Frameworks */ = {isa = PBXBuildFile; fileRef = 000566951562F94C003D114D /* CoreGraphics.framework */; };
		0005669C1562F94C003D114D /* InfoPlist.strings in Resources */ = {isa = PBXBuildFile; fileRef = 0005669A1562F94C003D114D /* InfoPlist.strings */; };
		0005669E1562F94C003D114D /* main.m in Sources */ = {isa = PBXBuildFile; fileRef = 0005669D1562F94C003D114D /* main.m */; };
		000566A21562F94C003D114D /* AppDelegate.m in Sources */ = {isa = PBXBuildFile; fileRef = 000566A11562F94C003D114D /* AppDelegate.m */; };
		000566BE1562F94D003D114D /* SenTestingKit.framework in Frameworks */ = {isa = PBXBuildFile; fileRef = 000566BD1562F94D003D114D /* SenTestingKit.framework */; };
		000566BF1562F94D003D114D /* UIKit.framework in Frameworks */ = {isa = PBXBuildFile; fileRef = 000566911562F94C003D114D /* UIKit.framework */; };
		000566C01562F94D003D114D /* Foundation.framework in Frameworks */ = {isa = PBXBuildFile; fileRef = 000566931562F94C003D114D /* Foundation.framework */; };
		000566C81562F94D003D114D /* InfoPlist.strings in Resources */ = {isa = PBXBuildFile; fileRef = 000566C61562F94D003D114D /* InfoPlist.strings */; };
		000567041562FFC4003D114D /* libResultraGenericLib.a in Frameworks */ = {isa = PBXBuildFile; fileRef = 000567031562FFC4003D114D /* libResultraGenericLib.a */; };
		0005672A15630DDD003D114D /* Localizable.strings in Resources */ = {isa = PBXBuildFile; fileRef = 0005672915630DDD003D114D /* Localizable.strings */; };
		0017B74C157928D7001D5D28 /* MsgPredicateHelper.m in Sources */ = {isa = PBXBuildFile; fileRef = 0017B74B157928D7001D5D28 /* MsgPredicateHelper.m */; };
		0017B753157968EA001D5D28 /* TestMessageFiltering.m in Sources */ = {isa = PBXBuildFile; fileRef = 0017B752157968EA001D5D28 /* TestMessageFiltering.m */; };
		0017B75915796A81001D5D28 /* libResultraGenericLib.a in Frameworks */ = {isa = PBXBuildFile; fileRef = 0017B75815796A81001D5D28 /* libResultraGenericLib.a */; };
		0017B75A15798C89001D5D28 /* CoreData.framework in Frameworks */ = {isa = PBXBuildFile; fileRef = 003D599415641A3F00AD3D91 /* CoreData.framework */; };
		00394EFC156EFE00006C3AE5 /* msgActionButton.png in Resources */ = {isa = PBXBuildFile; fileRef = 00394EFB156EFE00006C3AE5 /* msgActionButton.png */; };
		0039E5DC1566B14000CB259D /* AppData.xcdatamodeld in Sources */ = {isa = PBXBuildFile; fileRef = 0039E5DA1566B14000CB259D /* AppData.xcdatamodeld */; };
		0039E5EC1566B8CE00CB259D /* AgeFilterNone.m in Sources */ = {isa = PBXBuildFile; fileRef = 0039E5EB1566B8CE00CB259D /* AgeFilterNone.m */; };
		0039E5EF1566B8CE00CB259D /* MessageFilter.m in Sources */ = {isa = PBXBuildFile; fileRef = 0039E5EE1566B8CE00CB259D /* MessageFilter.m */; };
		0039E5F21566B8CE00CB259D /* AgeFilter.m in Sources */ = {isa = PBXBuildFile; fileRef = 0039E5F11566B8CE00CB259D /* AgeFilter.m */; };
		0039E5F51566B8CF00CB259D /* AgeFilterComparison.m in Sources */ = {isa = PBXBuildFile; fileRef = 0039E5F41566B8CE00CB259D /* AgeFilterComparison.m */; };
		0039E5F91566BE6600CB259D /* SharedAppVals.m in Sources */ = {isa = PBXBuildFile; fileRef = 0039E5F81566BE6600CB259D /* SharedAppVals.m */; };
		0039E5FF1566CE3600CB259D /* MessageFilterFieldEditInfo.m in Sources */ = {isa = PBXBuildFile; fileRef = 0039E5FE1566CE3600CB259D /* MessageFilterFieldEditInfo.m */; };
		0039E6021566D78B00CB259D /* MessageFilterFormInfoCreator.m in Sources */ = {isa = PBXBuildFile; fileRef = 0039E6011566D78A00CB259D /* MessageFilterFormInfoCreator.m */; };
		0039E6051566FED000CB259D /* AgeFilterFormInfoCreator.m in Sources */ = {isa = PBXBuildFile; fileRef = 0039E6041566FED000CB259D /* AgeFilterFormInfoCreator.m */; };
		003D599515641A3F00AD3D91 /* CoreData.framework in Frameworks */ = {isa = PBXBuildFile; fileRef = 003D599415641A3F00AD3D91 /* CoreData.framework */; };
		003D599815641A9A00AD3D91 /* EmailInfo.xcdatamodeld in Sources */ = {isa = PBXBuildFile; fileRef = 003D599615641A9A00AD3D91 /* EmailInfo.xcdatamodeld */; };
		003D599F15641B8A00AD3D91 /* AppHelper.m in Sources */ = {isa = PBXBuildFile; fileRef = 003D599E15641B8A00AD3D91 /* AppHelper.m */; };
		003D59A315641D2600AD3D91 /* EmailInfo.m in Sources */ = {isa = PBXBuildFile; fileRef = 003D59A215641D2600AD3D91 /* EmailInfo.m */; };
		003F2397156D43490009BFE3 /* MsgListTableViewController.m in Sources */ = {isa = PBXBuildFile; fileRef = 003F2396156D43490009BFE3 /* MsgListTableViewController.m */; };
		005E6A8715647602004198B6 /* EmailInfoActionView.m in Sources */ = {isa = PBXBuildFile; fileRef = 005E6A8615647602004198B6 /* EmailInfoActionView.m */; };
		00699543157D77E3008D50A4 /* libmailcore.a in Frameworks */ = {isa = PBXBuildFile; fileRef = 00699542157D77E3008D50A4 /* libmailcore.a */; };
		006D6641156D4BC800074979 /* TrashMsgListViewController.m in Sources */ = {isa = PBXBuildFile; fileRef = 006D6640156D4BC800074979 /* TrashMsgListViewController.m */; };
		006D6650156D70A300074979 /* ResultraGenericLibResources.bundle in Resources */ = {isa = PBXBuildFile; fileRef = 006D664F156D70A300074979 /* ResultraGenericLibResources.bundle */; };
		006D6675156E8E2500074979 /* MsgTableCell.m in Sources */ = {isa = PBXBuildFile; fileRef = 006D6674156E8E2500074979 /* MsgTableCell.m */; };
		006D6678156E9DAB00074979 /* unselectedMsgCheckbox.png in Resources */ = {isa = PBXBuildFile; fileRef = 006D6676156E9DAA00074979 /* unselectedMsgCheckbox.png */; };
		006D6679156E9DAB00074979 /* selectedMsgCheckbox.png in Resources */ = {isa = PBXBuildFile; fileRef = 006D6677156E9DAB00074979 /* selectedMsgCheckbox.png */; };
		007ABE8F156ACADE004BA8BF /* dummyEmails.txt in Resources */ = {isa = PBXBuildFile; fileRef = 003D59911564028200AD3D91 /* dummyEmails.txt */; };
		009E320A1567E4C500233276 /* AgeFilterFieldEditInfo.m in Sources */ = {isa = PBXBuildFile; fileRef = 009E32091567E4C500233276 /* AgeFilterFieldEditInfo.m */; };
		00C4AB0C1581764900E0868A /* libcrypto.a in Frameworks */ = {isa = PBXBuildFile; fileRef = 00C4AB081581764900E0868A /* libcrypto.a */; };
		00C4AB0D1581764900E0868A /* libetpan_ios.a in Frameworks */ = {isa = PBXBuildFile; fileRef = 00C4AB091581764900E0868A /* libetpan_ios.a */; };
		00C4AB0E1581764900E0868A /* libsasl2.a in Frameworks */ = {isa = PBXBuildFile; fileRef = 00C4AB0A1581764900E0868A /* libsasl2.a */; };
		00C4AB0F1581764900E0868A /* libssl.a in Frameworks */ = {isa = PBXBuildFile; fileRef = 00C4AB0B1581764900E0868A /* libssl.a */; };
		00C4AB141581784900E0868A /* CFNetwork.framework in Frameworks */ = {isa = PBXBuildFile; fileRef = 00C4AB131581784900E0868A /* CFNetwork.framework */; };
		00C4AB15158178FC00E0868A /* libiconv.dylib in Frameworks */ = {isa = PBXBuildFile; fileRef = 00C4AB11158177C400E0868A /* libiconv.dylib */; };
		00D498631575380600F8FD2F /* MsgListView.m in Sources */ = {isa = PBXBuildFile; fileRef = 00D498621575380600F8FD2F /* MsgListView.m */; };
		00D498701575BCF700F8FD2F /* lock-closed.png in Resources */ = {isa = PBXBuildFile; fileRef = 00D4986F1575BCF700F8FD2F /* lock-closed.png */; };
		00D49872157694C000F8FD2F /* trash.png in Resources */ = {isa = PBXBuildFile; fileRef = 00D49871157694C000F8FD2F /* trash.png */; };
		00D498761576D9FD00F8FD2F /* RulesFormInfoCreator.m in Sources */ = {isa = PBXBuildFile; fileRef = 00D498751576D9FD00F8FD2F /* RulesFormInfoCreator.m */; };
		00D498811576EC0100F8FD2F /* RuleObjectAdder.m in Sources */ = {isa = PBXBuildFile; fileRef = 00D498801576EC0100F8FD2F /* RuleObjectAdder.m */; };
		00D498851577E92B00F8FD2F /* TrashRule.m in Sources */ = {isa = PBXBuildFile; fileRef = 00D498841577E92B00F8FD2F /* TrashRule.m */; };
		00D498881577E92C00F8FD2F /* ExclusionRule.m in Sources */ = {isa = PBXBuildFile; fileRef = 00D498871577E92C00F8FD2F /* ExclusionRule.m */; };
		00D4988B1577E92D00F8FD2F /* MsgHandlingRule.m in Sources */ = {isa = PBXBuildFile; fileRef = 00D4988A1577E92D00F8FD2F /* MsgHandlingRule.m */; };
		00D4988E1577EB9800F8FD2F /* ExclusionRuleFormInfoCreator.m in Sources */ = {isa = PBXBuildFile; fileRef = 00D4988D1577EB9700F8FD2F /* ExclusionRuleFormInfoCreator.m */; };
		00D498921577F02B00F8FD2F /* MailCleanerFormPopulator.m in Sources */ = {isa = PBXBuildFile; fileRef = 00D498911577F02B00F8FD2F /* MailCleanerFormPopulator.m */; };
		00D4989915781DA600F8FD2F /* TrashRuleFormInfoCreator.m in Sources */ = {isa = PBXBuildFile; fileRef = 00D4989815781DA500F8FD2F /* TrashRuleFormInfoCreator.m */; };
		00D4989C1578371E00F8FD2F /* MsgHandlingRuleFieldEditInfo.m in Sources */ = {isa = PBXBuildFile; fileRef = 00D4989B1578371D00F8FD2F /* MsgHandlingRuleFieldEditInfo.m */; };
		00E9944A15643244003B9771 /* EmailInfoTableViewController.m in Sources */ = {isa = PBXBuildFile; fileRef = 00E9944915643244003B9771 /* EmailInfoTableViewController.m */; };
/* End PBXBuildFile section */

/* Begin PBXContainerItemProxy section */
		000566C11562F94D003D114D /* PBXContainerItemProxy */ = {
			isa = PBXContainerItemProxy;
			containerPortal = 000566841562F94C003D114D /* Project object */;
			proxyType = 1;
			remoteGlobalIDString = 0005668C1562F94C003D114D;
			remoteInfo = MailCleaner;
		};
/* End PBXContainerItemProxy section */

/* Begin PBXFileReference section */
		0005668D1562F94C003D114D /* MailCleaner.app */ = {isa = PBXFileReference; explicitFileType = wrapper.application; includeInIndex = 0; path = MailCleaner.app; sourceTree = BUILT_PRODUCTS_DIR; };
		000566911562F94C003D114D /* UIKit.framework */ = {isa = PBXFileReference; lastKnownFileType = wrapper.framework; name = UIKit.framework; path = System/Library/Frameworks/UIKit.framework; sourceTree = SDKROOT; };
		000566931562F94C003D114D /* Foundation.framework */ = {isa = PBXFileReference; lastKnownFileType = wrapper.framework; name = Foundation.framework; path = System/Library/Frameworks/Foundation.framework; sourceTree = SDKROOT; };
		000566951562F94C003D114D /* CoreGraphics.framework */ = {isa = PBXFileReference; lastKnownFileType = wrapper.framework; name = CoreGraphics.framework; path = System/Library/Frameworks/CoreGraphics.framework; sourceTree = SDKROOT; };
		000566991562F94C003D114D /* MailCleaner-Info.plist */ = {isa = PBXFileReference; lastKnownFileType = text.plist.xml; path = "MailCleaner-Info.plist"; sourceTree = "<group>"; };
		0005669B1562F94C003D114D /* en */ = {isa = PBXFileReference; lastKnownFileType = text.plist.strings; name = en; path = en.lproj/InfoPlist.strings; sourceTree = "<group>"; };
		0005669D1562F94C003D114D /* main.m */ = {isa = PBXFileReference; lastKnownFileType = sourcecode.c.objc; path = main.m; sourceTree = "<group>"; };
		0005669F1562F94C003D114D /* MailCleaner-Prefix.pch */ = {isa = PBXFileReference; lastKnownFileType = sourcecode.c.h; path = "MailCleaner-Prefix.pch"; sourceTree = "<group>"; };
		000566A01562F94C003D114D /* AppDelegate.h */ = {isa = PBXFileReference; lastKnownFileType = sourcecode.c.h; path = AppDelegate.h; sourceTree = "<group>"; };
		000566A11562F94C003D114D /* AppDelegate.m */ = {isa = PBXFileReference; lastKnownFileType = sourcecode.c.objc; path = AppDelegate.m; sourceTree = "<group>"; };
		000566BC1562F94D003D114D /* MailCleanerTests.octest */ = {isa = PBXFileReference; explicitFileType = wrapper.cfbundle; includeInIndex = 0; path = MailCleanerTests.octest; sourceTree = BUILT_PRODUCTS_DIR; };
		000566BD1562F94D003D114D /* SenTestingKit.framework */ = {isa = PBXFileReference; lastKnownFileType = wrapper.framework; name = SenTestingKit.framework; path = Library/Frameworks/SenTestingKit.framework; sourceTree = DEVELOPER_DIR; };
		000566C51562F94D003D114D /* MailCleanerTests-Info.plist */ = {isa = PBXFileReference; lastKnownFileType = text.plist.xml; path = "MailCleanerTests-Info.plist"; sourceTree = "<group>"; };
		000566C71562F94D003D114D /* en */ = {isa = PBXFileReference; lastKnownFileType = text.plist.strings; name = en; path = en.lproj/InfoPlist.strings; sourceTree = "<group>"; };
		000567031562FFC4003D114D /* libResultraGenericLib.a */ = {isa = PBXFileReference; lastKnownFileType = archive.ar; name = libResultraGenericLib.a; path = "../ResultraGenericLib/build/Release-iphoneos/libResultraGenericLib.a"; sourceTree = "<group>"; };
		0005672915630DDD003D114D /* Localizable.strings */ = {isa = PBXFileReference; fileEncoding = 4; lastKnownFileType = text.plist.strings; path = Localizable.strings; sourceTree = "<group>"; };
		0017B74A157928D7001D5D28 /* MsgPredicateHelper.h */ = {isa = PBXFileReference; fileEncoding = 4; lastKnownFileType = sourcecode.c.h; path = MsgPredicateHelper.h; sourceTree = "<group>"; };
		0017B74B157928D7001D5D28 /* MsgPredicateHelper.m */ = {isa = PBXFileReference; fileEncoding = 4; lastKnownFileType = sourcecode.c.objc; path = MsgPredicateHelper.m; sourceTree = "<group>"; };
		0017B751157968EA001D5D28 /* TestMessageFiltering.h */ = {isa = PBXFileReference; fileEncoding = 4; lastKnownFileType = sourcecode.c.h; path = TestMessageFiltering.h; sourceTree = "<group>"; };
		0017B752157968EA001D5D28 /* TestMessageFiltering.m */ = {isa = PBXFileReference; fileEncoding = 4; lastKnownFileType = sourcecode.c.objc; path = TestMessageFiltering.m; sourceTree = "<group>"; };
		0017B75815796A81001D5D28 /* libResultraGenericLib.a */ = {isa = PBXFileReference; lastKnownFileType = archive.ar; name = libResultraGenericLib.a; path = "../ResultraGenericLib/build/Release-iphoneos/libResultraGenericLib.a"; sourceTree = "<group>"; };
		00394EFB156EFE00006C3AE5 /* msgActionButton.png */ = {isa = PBXFileReference; lastKnownFileType = image.png; path = msgActionButton.png; sourceTree = "<group>"; };
		0039E5DB1566B14000CB259D /* AppData.xcdatamodel */ = {isa = PBXFileReference; lastKnownFileType = wrapper.xcdatamodel; path = AppData.xcdatamodel; sourceTree = "<group>"; };
		0039E5EA1566B8CE00CB259D /* AgeFilterNone.h */ = {isa = PBXFileReference; fileEncoding = 4; lastKnownFileType = sourcecode.c.h; path = AgeFilterNone.h; sourceTree = "<group>"; };
		0039E5EB1566B8CE00CB259D /* AgeFilterNone.m */ = {isa = PBXFileReference; fileEncoding = 4; lastKnownFileType = sourcecode.c.objc; path = AgeFilterNone.m; sourceTree = "<group>"; };
		0039E5ED1566B8CE00CB259D /* MessageFilter.h */ = {isa = PBXFileReference; fileEncoding = 4; lastKnownFileType = sourcecode.c.h; path = MessageFilter.h; sourceTree = "<group>"; };
		0039E5EE1566B8CE00CB259D /* MessageFilter.m */ = {isa = PBXFileReference; fileEncoding = 4; lastKnownFileType = sourcecode.c.objc; path = MessageFilter.m; sourceTree = "<group>"; };
		0039E5F01566B8CE00CB259D /* AgeFilter.h */ = {isa = PBXFileReference; fileEncoding = 4; lastKnownFileType = sourcecode.c.h; path = AgeFilter.h; sourceTree = "<group>"; };
		0039E5F11566B8CE00CB259D /* AgeFilter.m */ = {isa = PBXFileReference; fileEncoding = 4; lastKnownFileType = sourcecode.c.objc; path = AgeFilter.m; sourceTree = "<group>"; };
		0039E5F31566B8CE00CB259D /* AgeFilterComparison.h */ = {isa = PBXFileReference; fileEncoding = 4; lastKnownFileType = sourcecode.c.h; path = AgeFilterComparison.h; sourceTree = "<group>"; };
		0039E5F41566B8CE00CB259D /* AgeFilterComparison.m */ = {isa = PBXFileReference; fileEncoding = 4; lastKnownFileType = sourcecode.c.objc; path = AgeFilterComparison.m; sourceTree = "<group>"; };
		0039E5F71566BE6600CB259D /* SharedAppVals.h */ = {isa = PBXFileReference; fileEncoding = 4; lastKnownFileType = sourcecode.c.h; path = SharedAppVals.h; sourceTree = "<group>"; };
		0039E5F81566BE6600CB259D /* SharedAppVals.m */ = {isa = PBXFileReference; fileEncoding = 4; lastKnownFileType = sourcecode.c.objc; path = SharedAppVals.m; sourceTree = "<group>"; };
		0039E5FD1566CE3600CB259D /* MessageFilterFieldEditInfo.h */ = {isa = PBXFileReference; fileEncoding = 4; lastKnownFileType = sourcecode.c.h; path = MessageFilterFieldEditInfo.h; sourceTree = "<group>"; };
		0039E5FE1566CE3600CB259D /* MessageFilterFieldEditInfo.m */ = {isa = PBXFileReference; fileEncoding = 4; lastKnownFileType = sourcecode.c.objc; path = MessageFilterFieldEditInfo.m; sourceTree = "<group>"; };
		0039E6001566D78A00CB259D /* MessageFilterFormInfoCreator.h */ = {isa = PBXFileReference; fileEncoding = 4; lastKnownFileType = sourcecode.c.h; path = MessageFilterFormInfoCreator.h; sourceTree = "<group>"; };
		0039E6011566D78A00CB259D /* MessageFilterFormInfoCreator.m */ = {isa = PBXFileReference; fileEncoding = 4; lastKnownFileType = sourcecode.c.objc; path = MessageFilterFormInfoCreator.m; sourceTree = "<group>"; };
		0039E6031566FED000CB259D /* AgeFilterFormInfoCreator.h */ = {isa = PBXFileReference; fileEncoding = 4; lastKnownFileType = sourcecode.c.h; path = AgeFilterFormInfoCreator.h; sourceTree = "<group>"; };
		0039E6041566FED000CB259D /* AgeFilterFormInfoCreator.m */ = {isa = PBXFileReference; fileEncoding = 4; lastKnownFileType = sourcecode.c.objc; path = AgeFilterFormInfoCreator.m; sourceTree = "<group>"; };
		003D59911564028200AD3D91 /* dummyEmails.txt */ = {isa = PBXFileReference; fileEncoding = 4; lastKnownFileType = text; path = dummyEmails.txt; sourceTree = "<group>"; };
		003D599415641A3F00AD3D91 /* CoreData.framework */ = {isa = PBXFileReference; lastKnownFileType = wrapper.framework; name = CoreData.framework; path = System/Library/Frameworks/CoreData.framework; sourceTree = SDKROOT; };
		003D599715641A9A00AD3D91 /* EmailInfo.xcdatamodel */ = {isa = PBXFileReference; lastKnownFileType = wrapper.xcdatamodel; path = EmailInfo.xcdatamodel; sourceTree = "<group>"; };
		003D599D15641B8A00AD3D91 /* AppHelper.h */ = {isa = PBXFileReference; fileEncoding = 4; lastKnownFileType = sourcecode.c.h; path = AppHelper.h; sourceTree = "<group>"; };
		003D599E15641B8A00AD3D91 /* AppHelper.m */ = {isa = PBXFileReference; fileEncoding = 4; lastKnownFileType = sourcecode.c.objc; path = AppHelper.m; sourceTree = "<group>"; };
		003D59A115641D2600AD3D91 /* EmailInfo.h */ = {isa = PBXFileReference; fileEncoding = 4; lastKnownFileType = sourcecode.c.h; path = EmailInfo.h; sourceTree = "<group>"; };
		003D59A215641D2600AD3D91 /* EmailInfo.m */ = {isa = PBXFileReference; fileEncoding = 4; lastKnownFileType = sourcecode.c.objc; path = EmailInfo.m; sourceTree = "<group>"; };
		003F2395156D43490009BFE3 /* MsgListTableViewController.h */ = {isa = PBXFileReference; fileEncoding = 4; lastKnownFileType = sourcecode.c.h; path = MsgListTableViewController.h; sourceTree = "<group>"; };
		003F2396156D43490009BFE3 /* MsgListTableViewController.m */ = {isa = PBXFileReference; fileEncoding = 4; lastKnownFileType = sourcecode.c.objc; path = MsgListTableViewController.m; sourceTree = "<group>"; };
		005E6A8515647602004198B6 /* EmailInfoActionView.h */ = {isa = PBXFileReference; fileEncoding = 4; lastKnownFileType = sourcecode.c.h; path = EmailInfoActionView.h; sourceTree = "<group>"; };
		005E6A8615647602004198B6 /* EmailInfoActionView.m */ = {isa = PBXFileReference; fileEncoding = 4; lastKnownFileType = sourcecode.c.objc; path = EmailInfoActionView.m; sourceTree = "<group>"; };
		00699542157D77E3008D50A4 /* libmailcore.a */ = {isa = PBXFileReference; lastKnownFileType = archive.ar; name = libmailcore.a; path = "../MailCore/build/Release-iphoneos/libmailcore.a"; sourceTree = "<group>"; };
		006D663F156D4BC800074979 /* TrashMsgListViewController.h */ = {isa = PBXFileReference; fileEncoding = 4; lastKnownFileType = sourcecode.c.h; path = TrashMsgListViewController.h; sourceTree = "<group>"; };
		006D6640156D4BC800074979 /* TrashMsgListViewController.m */ = {isa = PBXFileReference; fileEncoding = 4; lastKnownFileType = sourcecode.c.objc; path = TrashMsgListViewController.m; sourceTree = "<group>"; };
		006D664F156D70A300074979 /* ResultraGenericLibResources.bundle */ = {isa = PBXFileReference; lastKnownFileType = "wrapper.plug-in"; name = ResultraGenericLibResources.bundle; path = "../../../Library/Developer/Xcode/DerivedData/MailCleaner-dtuamkacbllkfkggcpkuqouuqrpt/Build/Products/Debug-iphonesimulator/ResultraGenericLibResources.bundle"; sourceTree = "<group>"; };
		006D6673156E8E2500074979 /* MsgTableCell.h */ = {isa = PBXFileReference; fileEncoding = 4; lastKnownFileType = sourcecode.c.h; path = MsgTableCell.h; sourceTree = "<group>"; };
		006D6674156E8E2500074979 /* MsgTableCell.m */ = {isa = PBXFileReference; fileEncoding = 4; lastKnownFileType = sourcecode.c.objc; path = MsgTableCell.m; sourceTree = "<group>"; };
		006D6676156E9DAA00074979 /* unselectedMsgCheckbox.png */ = {isa = PBXFileReference; lastKnownFileType = image.png; path = unselectedMsgCheckbox.png; sourceTree = "<group>"; };
		006D6677156E9DAB00074979 /* selectedMsgCheckbox.png */ = {isa = PBXFileReference; lastKnownFileType = image.png; path = selectedMsgCheckbox.png; sourceTree = "<group>"; };
		007ABE8B156AB618004BA8BF /* MailCleanerSpec.md */ = {isa = PBXFileReference; fileEncoding = 4; lastKnownFileType = text; path = MailCleanerSpec.md; sourceTree = "<group>"; };
		009E32081567E4C500233276 /* AgeFilterFieldEditInfo.h */ = {isa = PBXFileReference; fileEncoding = 4; lastKnownFileType = sourcecode.c.h; path = AgeFilterFieldEditInfo.h; sourceTree = "<group>"; };
		009E32091567E4C500233276 /* AgeFilterFieldEditInfo.m */ = {isa = PBXFileReference; fileEncoding = 4; lastKnownFileType = sourcecode.c.objc; path = AgeFilterFieldEditInfo.m; sourceTree = "<group>"; };
		00C4AB081581764900E0868A /* libcrypto.a */ = {isa = PBXFileReference; lastKnownFileType = file; name = libcrypto.a; path = "../MailCore/iOSPorts/ports/security/openssl/build/Release-iphoneos/libcrypto.a"; sourceTree = "<group>"; };
		00C4AB091581764900E0868A /* libetpan_ios.a */ = {isa = PBXFileReference; lastKnownFileType = file; name = libetpan_ios.a; path = "../MailCore/libetpan/build-mac/build/Release-iphoneos/libetpan_ios.a"; sourceTree = "<group>"; };
		00C4AB0A1581764900E0868A /* libsasl2.a */ = {isa = PBXFileReference; lastKnownFileType = file; name = libsasl2.a; path = "../MailCore/iOSPorts/ports/security/cyrus-sasl/build/Release-iphoneos/libsasl2.a"; sourceTree = "<group>"; };
		00C4AB0B1581764900E0868A /* libssl.a */ = {isa = PBXFileReference; lastKnownFileType = file; name = libssl.a; path = "../MailCore/iOSPorts/ports/security/openssl/build/Release-iphoneos/libssl.a"; sourceTree = "<group>"; };
		00C4AB11158177C400E0868A /* libiconv.dylib */ = {isa = PBXFileReference; lastKnownFileType = "compiled.mach-o.dylib"; name = libiconv.dylib; path = usr/lib/libiconv.dylib; sourceTree = SDKROOT; };
		00C4AB131581784900E0868A /* CFNetwork.framework */ = {isa = PBXFileReference; lastKnownFileType = wrapper.framework; name = CFNetwork.framework; path = System/Library/Frameworks/CFNetwork.framework; sourceTree = SDKROOT; };
		00D498611575380600F8FD2F /* MsgListView.h */ = {isa = PBXFileReference; fileEncoding = 4; lastKnownFileType = sourcecode.c.h; path = MsgListView.h; sourceTree = "<group>"; };
		00D498621575380600F8FD2F /* MsgListView.m */ = {isa = PBXFileReference; fileEncoding = 4; lastKnownFileType = sourcecode.c.objc; path = MsgListView.m; sourceTree = "<group>"; };
		00D4986F1575BCF700F8FD2F /* lock-closed.png */ = {isa = PBXFileReference; lastKnownFileType = image.png; path = "lock-closed.png"; sourceTree = "<group>"; };
		00D49871157694C000F8FD2F /* trash.png */ = {isa = PBXFileReference; lastKnownFileType = image.png; path = trash.png; sourceTree = "<group>"; };
		00D498741576D9FD00F8FD2F /* RulesFormInfoCreator.h */ = {isa = PBXFileReference; fileEncoding = 4; lastKnownFileType = sourcecode.c.h; path = RulesFormInfoCreator.h; sourceTree = "<group>"; };
		00D498751576D9FD00F8FD2F /* RulesFormInfoCreator.m */ = {isa = PBXFileReference; fileEncoding = 4; lastKnownFileType = sourcecode.c.objc; path = RulesFormInfoCreator.m; sourceTree = "<group>"; };
		00D4987F1576EC0100F8FD2F /* RuleObjectAdder.h */ = {isa = PBXFileReference; fileEncoding = 4; lastKnownFileType = sourcecode.c.h; path = RuleObjectAdder.h; sourceTree = "<group>"; };
		00D498801576EC0100F8FD2F /* RuleObjectAdder.m */ = {isa = PBXFileReference; fileEncoding = 4; lastKnownFileType = sourcecode.c.objc; path = RuleObjectAdder.m; sourceTree = "<group>"; };
		00D498831577E92B00F8FD2F /* TrashRule.h */ = {isa = PBXFileReference; fileEncoding = 4; lastKnownFileType = sourcecode.c.h; path = TrashRule.h; sourceTree = "<group>"; };
		00D498841577E92B00F8FD2F /* TrashRule.m */ = {isa = PBXFileReference; fileEncoding = 4; lastKnownFileType = sourcecode.c.objc; path = TrashRule.m; sourceTree = "<group>"; };
		00D498861577E92C00F8FD2F /* ExclusionRule.h */ = {isa = PBXFileReference; fileEncoding = 4; lastKnownFileType = sourcecode.c.h; path = ExclusionRule.h; sourceTree = "<group>"; };
		00D498871577E92C00F8FD2F /* ExclusionRule.m */ = {isa = PBXFileReference; fileEncoding = 4; lastKnownFileType = sourcecode.c.objc; path = ExclusionRule.m; sourceTree = "<group>"; };
		00D498891577E92D00F8FD2F /* MsgHandlingRule.h */ = {isa = PBXFileReference; fileEncoding = 4; lastKnownFileType = sourcecode.c.h; path = MsgHandlingRule.h; sourceTree = "<group>"; };
		00D4988A1577E92D00F8FD2F /* MsgHandlingRule.m */ = {isa = PBXFileReference; fileEncoding = 4; lastKnownFileType = sourcecode.c.objc; path = MsgHandlingRule.m; sourceTree = "<group>"; };
		00D4988C1577EB9700F8FD2F /* ExclusionRuleFormInfoCreator.h */ = {isa = PBXFileReference; fileEncoding = 4; lastKnownFileType = sourcecode.c.h; path = ExclusionRuleFormInfoCreator.h; sourceTree = "<group>"; };
		00D4988D1577EB9700F8FD2F /* ExclusionRuleFormInfoCreator.m */ = {isa = PBXFileReference; fileEncoding = 4; lastKnownFileType = sourcecode.c.objc; path = ExclusionRuleFormInfoCreator.m; sourceTree = "<group>"; };
		00D498901577F02B00F8FD2F /* MailCleanerFormPopulator.h */ = {isa = PBXFileReference; fileEncoding = 4; lastKnownFileType = sourcecode.c.h; path = MailCleanerFormPopulator.h; sourceTree = "<group>"; };
		00D498911577F02B00F8FD2F /* MailCleanerFormPopulator.m */ = {isa = PBXFileReference; fileEncoding = 4; lastKnownFileType = sourcecode.c.objc; path = MailCleanerFormPopulator.m; sourceTree = "<group>"; };
		00D4989715781DA500F8FD2F /* TrashRuleFormInfoCreator.h */ = {isa = PBXFileReference; fileEncoding = 4; lastKnownFileType = sourcecode.c.h; path = TrashRuleFormInfoCreator.h; sourceTree = "<group>"; };
		00D4989815781DA500F8FD2F /* TrashRuleFormInfoCreator.m */ = {isa = PBXFileReference; fileEncoding = 4; lastKnownFileType = sourcecode.c.objc; path = TrashRuleFormInfoCreator.m; sourceTree = "<group>"; };
		00D4989A1578371D00F8FD2F /* MsgHandlingRuleFieldEditInfo.h */ = {isa = PBXFileReference; fileEncoding = 4; lastKnownFileType = sourcecode.c.h; path = MsgHandlingRuleFieldEditInfo.h; sourceTree = "<group>"; };
		00D4989B1578371D00F8FD2F /* MsgHandlingRuleFieldEditInfo.m */ = {isa = PBXFileReference; fileEncoding = 4; lastKnownFileType = sourcecode.c.objc; path = MsgHandlingRuleFieldEditInfo.m; sourceTree = "<group>"; };
		00E9944815643244003B9771 /* EmailInfoTableViewController.h */ = {isa = PBXFileReference; fileEncoding = 4; lastKnownFileType = sourcecode.c.h; path = EmailInfoTableViewController.h; sourceTree = "<group>"; };
		00E9944915643244003B9771 /* EmailInfoTableViewController.m */ = {isa = PBXFileReference; fileEncoding = 4; lastKnownFileType = sourcecode.c.objc; path = EmailInfoTableViewController.m; sourceTree = "<group>"; };
		00F9A77D156EC66A00BB4C92 /* msgCheckbox.psd */ = {isa = PBXFileReference; lastKnownFileType = file; path = msgCheckbox.psd; sourceTree = "<group>"; };
/* End PBXFileReference section */

/* Begin PBXFrameworksBuildPhase section */
		0005668A1562F94C003D114D /* Frameworks */ = {
			isa = PBXFrameworksBuildPhase;
			buildActionMask = 2147483647;
			files = (
				00C4AB15158178FC00E0868A /* libiconv.dylib in Frameworks */,
				00C4AB141581784900E0868A /* CFNetwork.framework in Frameworks */,
				00699543157D77E3008D50A4 /* libmailcore.a in Frameworks */,
				00C4AB0C1581764900E0868A /* libcrypto.a in Frameworks */,
				00C4AB0D1581764900E0868A /* libetpan_ios.a in Frameworks */,
				00C4AB0E1581764900E0868A /* libsasl2.a in Frameworks */,
				00C4AB0F1581764900E0868A /* libssl.a in Frameworks */,
				003D599515641A3F00AD3D91 /* CoreData.framework in Frameworks */,
				000567041562FFC4003D114D /* libResultraGenericLib.a in Frameworks */,
				000566921562F94C003D114D /* UIKit.framework in Frameworks */,
				000566941562F94C003D114D /* Foundation.framework in Frameworks */,
				000566961562F94C003D114D /* CoreGraphics.framework in Frameworks */,
			);
			runOnlyForDeploymentPostprocessing = 0;
		};
		000566B81562F94D003D114D /* Frameworks */ = {
			isa = PBXFrameworksBuildPhase;
			buildActionMask = 2147483647;
			files = (
				0017B75A15798C89001D5D28 /* CoreData.framework in Frameworks */,
				0017B75915796A81001D5D28 /* libResultraGenericLib.a in Frameworks */,
				000566BE1562F94D003D114D /* SenTestingKit.framework in Frameworks */,
				000566BF1562F94D003D114D /* UIKit.framework in Frameworks */,
				000566C01562F94D003D114D /* Foundation.framework in Frameworks */,
			);
			runOnlyForDeploymentPostprocessing = 0;
		};
/* End PBXFrameworksBuildPhase section */

/* Begin PBXGroup section */
		000566821562F94C003D114D = {
			isa = PBXGroup;
			children = (
				00C4AB131581784900E0868A /* CFNetwork.framework */,
				00C4AB11158177C400E0868A /* libiconv.dylib */,
				00C4AB081581764900E0868A /* libcrypto.a */,
				00C4AB091581764900E0868A /* libetpan_ios.a */,
				00C4AB0A1581764900E0868A /* libsasl2.a */,
				00C4AB0B1581764900E0868A /* libssl.a */,
				00699542157D77E3008D50A4 /* libmailcore.a */,
				0017B75815796A81001D5D28 /* libResultraGenericLib.a */,
				006D664F156D70A300074979 /* ResultraGenericLibResources.bundle */,
				007ABE8E156AB631004BA8BF /* Development Docs */,
				003D599415641A3F00AD3D91 /* CoreData.framework */,
				000567031562FFC4003D114D /* libResultraGenericLib.a */,
				000566971562F94C003D114D /* MailCleaner */,
				000566C31562F94D003D114D /* MailCleanerTests */,
				000566901562F94C003D114D /* Frameworks */,
				0005668E1562F94C003D114D /* Products */,
			);
			sourceTree = "<group>";
		};
		0005668E1562F94C003D114D /* Products */ = {
			isa = PBXGroup;
			children = (
				0005668D1562F94C003D114D /* MailCleaner.app */,
				000566BC1562F94D003D114D /* MailCleanerTests.octest */,
			);
			name = Products;
			sourceTree = "<group>";
		};
		000566901562F94C003D114D /* Frameworks */ = {
			isa = PBXGroup;
			children = (
				000566911562F94C003D114D /* UIKit.framework */,
				000566931562F94C003D114D /* Foundation.framework */,
				000566951562F94C003D114D /* CoreGraphics.framework */,
				000566BD1562F94D003D114D /* SenTestingKit.framework */,
			);
			name = Frameworks;
			sourceTree = "<group>";
		};
		000566971562F94C003D114D /* MailCleaner */ = {
			isa = PBXGroup;
			children = (
				00D4988F1577F00F00F8FD2F /* Helper */,
				0039E5FA1566CD0800CB259D /* Application */,
				003D59A015641CDD00AD3D91 /* Data Model */,
				0039E5FB1566CD2E00CB259D /* Message List Views */,
				00D498731576D9C700F8FD2F /* Rules List View */,
				000566981562F94C003D114D /* Supporting Files */,
				0039E5FC1566CE0700CB259D /* Message Filter */,
			);
			path = MailCleaner;
			sourceTree = "<group>";
		};
		000566981562F94C003D114D /* Supporting Files */ = {
			isa = PBXGroup;
			children = (
				0005672915630DDD003D114D /* Localizable.strings */,
				000566991562F94C003D114D /* MailCleaner-Info.plist */,
				0005669A1562F94C003D114D /* InfoPlist.strings */,
				0005669D1562F94C003D114D /* main.m */,
				0005669F1562F94C003D114D /* MailCleaner-Prefix.pch */,
				003D59911564028200AD3D91 /* dummyEmails.txt */,
			);
			name = "Supporting Files";
			sourceTree = "<group>";
		};
		000566C31562F94D003D114D /* MailCleanerTests */ = {
			isa = PBXGroup;
			children = (
				000566C41562F94D003D114D /* Supporting Files */,
				0017B751157968EA001D5D28 /* TestMessageFiltering.h */,
				0017B752157968EA001D5D28 /* TestMessageFiltering.m */,
			);
			path = MailCleanerTests;
			sourceTree = "<group>";
		};
		000566C41562F94D003D114D /* Supporting Files */ = {
			isa = PBXGroup;
			children = (
				000566C51562F94D003D114D /* MailCleanerTests-Info.plist */,
				000566C61562F94D003D114D /* InfoPlist.strings */,
			);
			name = "Supporting Files";
			sourceTree = "<group>";
		};
		0039E5E21566B44700CB259D /* Email Info */ = {
			isa = PBXGroup;
			children = (
				003D599615641A9A00AD3D91 /* EmailInfo.xcdatamodeld */,
				003D59A115641D2600AD3D91 /* EmailInfo.h */,
				003D59A215641D2600AD3D91 /* EmailInfo.m */,
			);
			name = "Email Info";
			sourceTree = "<group>";
		};
		0039E5E31566B45300CB259D /* App Data */ = {
			isa = PBXGroup;
			children = (
				0039E5DA1566B14000CB259D /* AppData.xcdatamodeld */,
				0039E5F71566BE6600CB259D /* SharedAppVals.h */,
				0039E5F81566BE6600CB259D /* SharedAppVals.m */,
				00D498821577E8F500F8FD2F /* Rules */,
				0039E5F61566BE3B00CB259D /* Message Filter */,
			);
			name = "App Data";
			sourceTree = "<group>";
		};
		0039E5F61566BE3B00CB259D /* Message Filter */ = {
			isa = PBXGroup;
			children = (
				0039E5F31566B8CE00CB259D /* AgeFilterComparison.h */,
				0039E5F41566B8CE00CB259D /* AgeFilterComparison.m */,
				0039E5F01566B8CE00CB259D /* AgeFilter.h */,
				0039E5F11566B8CE00CB259D /* AgeFilter.m */,
				0039E5ED1566B8CE00CB259D /* MessageFilter.h */,
				0039E5EE1566B8CE00CB259D /* MessageFilter.m */,
				0039E5EA1566B8CE00CB259D /* AgeFilterNone.h */,
				0039E5EB1566B8CE00CB259D /* AgeFilterNone.m */,
			);
			name = "Message Filter";
			sourceTree = "<group>";
		};
		0039E5FA1566CD0800CB259D /* Application */ = {
			isa = PBXGroup;
			children = (
				003D599D15641B8A00AD3D91 /* AppHelper.h */,
				003D599E15641B8A00AD3D91 /* AppHelper.m */,
				000566A01562F94C003D114D /* AppDelegate.h */,
				000566A11562F94C003D114D /* AppDelegate.m */,
			);
			name = Application;
			sourceTree = "<group>";
		};
		0039E5FB1566CD2E00CB259D /* Message List Views */ = {
			isa = PBXGroup;
			children = (
				0017B74A157928D7001D5D28 /* MsgPredicateHelper.h */,
				0017B74B157928D7001D5D28 /* MsgPredicateHelper.m */,
				00D49871157694C000F8FD2F /* trash.png */,
				00D4986F1575BCF700F8FD2F /* lock-closed.png */,
				00394EFB156EFE00006C3AE5 /* msgActionButton.png */,
				00F9A77D156EC66A00BB4C92 /* msgCheckbox.psd */,
				006D6676156E9DAA00074979 /* unselectedMsgCheckbox.png */,
				006D6677156E9DAB00074979 /* selectedMsgCheckbox.png */,
				00D498611575380600F8FD2F /* MsgListView.h */,
				00D498621575380600F8FD2F /* MsgListView.m */,
				003F2395156D43490009BFE3 /* MsgListTableViewController.h */,
				003F2396156D43490009BFE3 /* MsgListTableViewController.m */,
				00E9944815643244003B9771 /* EmailInfoTableViewController.h */,
				00E9944915643244003B9771 /* EmailInfoTableViewController.m */,
				005E6A8515647602004198B6 /* EmailInfoActionView.h */,
				005E6A8615647602004198B6 /* EmailInfoActionView.m */,
				006D663F156D4BC800074979 /* TrashMsgListViewController.h */,
				006D6640156D4BC800074979 /* TrashMsgListViewController.m */,
				006D6673156E8E2500074979 /* MsgTableCell.h */,
				006D6674156E8E2500074979 /* MsgTableCell.m */,
			);
			name = "Message List Views";
			sourceTree = "<group>";
		};
		0039E5FC1566CE0700CB259D /* Message Filter */ = {
			isa = PBXGroup;
			children = (
				0039E5FD1566CE3600CB259D /* MessageFilterFieldEditInfo.h */,
				0039E5FE1566CE3600CB259D /* MessageFilterFieldEditInfo.m */,
				0039E6001566D78A00CB259D /* MessageFilterFormInfoCreator.h */,
				0039E6011566D78A00CB259D /* MessageFilterFormInfoCreator.m */,
				0039E6031566FED000CB259D /* AgeFilterFormInfoCreator.h */,
				0039E6041566FED000CB259D /* AgeFilterFormInfoCreator.m */,
				009E32081567E4C500233276 /* AgeFilterFieldEditInfo.h */,
				009E32091567E4C500233276 /* AgeFilterFieldEditInfo.m */,
			);
			name = "Message Filter";
			sourceTree = "<group>";
		};
		003D59A015641CDD00AD3D91 /* Data Model */ = {
			isa = PBXGroup;
			children = (
				0039E5E31566B45300CB259D /* App Data */,
				0039E5E21566B44700CB259D /* Email Info */,
			);
			name = "Data Model";
			sourceTree = "<group>";
		};
		007ABE8E156AB631004BA8BF /* Development Docs */ = {
			isa = PBXGroup;
			children = (
				007ABE8B156AB618004BA8BF /* MailCleanerSpec.md */,
			);
			name = "Development Docs";
			sourceTree = "<group>";
		};
		00D498731576D9C700F8FD2F /* Rules List View */ = {
			isa = PBXGroup;
			children = (
				00D498741576D9FD00F8FD2F /* RulesFormInfoCreator.h */,
				00D498751576D9FD00F8FD2F /* RulesFormInfoCreator.m */,
				00D4987F1576EC0100F8FD2F /* RuleObjectAdder.h */,
				00D498801576EC0100F8FD2F /* RuleObjectAdder.m */,
				00D4988C1577EB9700F8FD2F /* ExclusionRuleFormInfoCreator.h */,
				00D4988D1577EB9700F8FD2F /* ExclusionRuleFormInfoCreator.m */,
				00D4989715781DA500F8FD2F /* TrashRuleFormInfoCreator.h */,
				00D4989815781DA500F8FD2F /* TrashRuleFormInfoCreator.m */,
				00D4989A1578371D00F8FD2F /* MsgHandlingRuleFieldEditInfo.h */,
				00D4989B1578371D00F8FD2F /* MsgHandlingRuleFieldEditInfo.m */,
			);
			name = "Rules List View";
			sourceTree = "<group>";
		};
		00D498821577E8F500F8FD2F /* Rules */ = {
			isa = PBXGroup;
			children = (
				00D498891577E92D00F8FD2F /* MsgHandlingRule.h */,
				00D4988A1577E92D00F8FD2F /* MsgHandlingRule.m */,
				00D498861577E92C00F8FD2F /* ExclusionRule.h */,
				00D498871577E92C00F8FD2F /* ExclusionRule.m */,
				00D498831577E92B00F8FD2F /* TrashRule.h */,
				00D498841577E92B00F8FD2F /* TrashRule.m */,
			);
			name = Rules;
			sourceTree = "<group>";
		};
		00D4988F1577F00F00F8FD2F /* Helper */ = {
			isa = PBXGroup;
			children = (
				00D498901577F02B00F8FD2F /* MailCleanerFormPopulator.h */,
				00D498911577F02B00F8FD2F /* MailCleanerFormPopulator.m */,
			);
			name = Helper;
			sourceTree = "<group>";
		};
/* End PBXGroup section */

/* Begin PBXNativeTarget section */
		0005668C1562F94C003D114D /* MailCleaner */ = {
			isa = PBXNativeTarget;
			buildConfigurationList = 000566CE1562F94D003D114D /* Build configuration list for PBXNativeTarget "MailCleaner" */;
			buildPhases = (
				000566891562F94C003D114D /* Sources */,
				0005668A1562F94C003D114D /* Frameworks */,
				0005668B1562F94C003D114D /* Resources */,
			);
			buildRules = (
			);
			dependencies = (
			);
			name = MailCleaner;
			productName = MailCleaner;
			productReference = 0005668D1562F94C003D114D /* MailCleaner.app */;
			productType = "com.apple.product-type.application";
		};
		000566BB1562F94D003D114D /* MailCleanerTests */ = {
			isa = PBXNativeTarget;
			buildConfigurationList = 000566D11562F94D003D114D /* Build configuration list for PBXNativeTarget "MailCleanerTests" */;
			buildPhases = (
				000566B71562F94D003D114D /* Sources */,
				000566B81562F94D003D114D /* Frameworks */,
				000566B91562F94D003D114D /* Resources */,
				000566BA1562F94D003D114D /* ShellScript */,
			);
			buildRules = (
			);
			dependencies = (
				000566C21562F94D003D114D /* PBXTargetDependency */,
			);
			name = MailCleanerTests;
			productName = MailCleanerTests;
			productReference = 000566BC1562F94D003D114D /* MailCleanerTests.octest */;
			productType = "com.apple.product-type.bundle";
		};
/* End PBXNativeTarget section */

/* Begin PBXProject section */
		000566841562F94C003D114D /* Project object */ = {
			isa = PBXProject;
			attributes = {
				LastUpgradeCheck = 0430;
			};
			buildConfigurationList = 000566871562F94C003D114D /* Build configuration list for PBXProject "MailCleaner" */;
			compatibilityVersion = "Xcode 3.2";
			developmentRegion = English;
			hasScannedForEncodings = 0;
			knownRegions = (
				en,
			);
			mainGroup = 000566821562F94C003D114D;
			productRefGroup = 0005668E1562F94C003D114D /* Products */;
			projectDirPath = "";
			projectRoot = "";
			targets = (
				0005668C1562F94C003D114D /* MailCleaner */,
				000566BB1562F94D003D114D /* MailCleanerTests */,
			);
		};
/* End PBXProject section */

/* Begin PBXResourcesBuildPhase section */
		0005668B1562F94C003D114D /* Resources */ = {
			isa = PBXResourcesBuildPhase;
			buildActionMask = 2147483647;
			files = (
				007ABE8F156ACADE004BA8BF /* dummyEmails.txt in Resources */,
				0005669C1562F94C003D114D /* InfoPlist.strings in Resources */,
				0005672A15630DDD003D114D /* Localizable.strings in Resources */,
				006D6650156D70A300074979 /* ResultraGenericLibResources.bundle in Resources */,
				006D6678156E9DAB00074979 /* unselectedMsgCheckbox.png in Resources */,
				006D6679156E9DAB00074979 /* selectedMsgCheckbox.png in Resources */,
				00394EFC156EFE00006C3AE5 /* msgActionButton.png in Resources */,
				00D498701575BCF700F8FD2F /* lock-closed.png in Resources */,
				00D49872157694C000F8FD2F /* trash.png in Resources */,
			);
			runOnlyForDeploymentPostprocessing = 0;
		};
		000566B91562F94D003D114D /* Resources */ = {
			isa = PBXResourcesBuildPhase;
			buildActionMask = 2147483647;
			files = (
				000566C81562F94D003D114D /* InfoPlist.strings in Resources */,
			);
			runOnlyForDeploymentPostprocessing = 0;
		};
/* End PBXResourcesBuildPhase section */

/* Begin PBXShellScriptBuildPhase section */
		000566BA1562F94D003D114D /* ShellScript */ = {
			isa = PBXShellScriptBuildPhase;
			buildActionMask = 2147483647;
			files = (
			);
			inputPaths = (
			);
			outputPaths = (
			);
			runOnlyForDeploymentPostprocessing = 0;
			shellPath = /bin/sh;
			shellScript = "# Run the unit tests in this test bundle.\n\"${SYSTEM_DEVELOPER_DIR}/Tools/RunUnitTests\"\n";
		};
/* End PBXShellScriptBuildPhase section */

/* Begin PBXSourcesBuildPhase section */
		000566891562F94C003D114D /* Sources */ = {
			isa = PBXSourcesBuildPhase;
			buildActionMask = 2147483647;
			files = (
				0005669E1562F94C003D114D /* main.m in Sources */,
				000566A21562F94C003D114D /* AppDelegate.m in Sources */,
				003D599815641A9A00AD3D91 /* EmailInfo.xcdatamodeld in Sources */,
				003D599F15641B8A00AD3D91 /* AppHelper.m in Sources */,
				003D59A315641D2600AD3D91 /* EmailInfo.m in Sources */,
				00E9944A15643244003B9771 /* EmailInfoTableViewController.m in Sources */,
				005E6A8715647602004198B6 /* EmailInfoActionView.m in Sources */,
				0039E5DC1566B14000CB259D /* AppData.xcdatamodeld in Sources */,
				0039E5EC1566B8CE00CB259D /* AgeFilterNone.m in Sources */,
				0039E5EF1566B8CE00CB259D /* MessageFilter.m in Sources */,
				0039E5F21566B8CE00CB259D /* AgeFilter.m in Sources */,
				0039E5F51566B8CF00CB259D /* AgeFilterComparison.m in Sources */,
				0039E5F91566BE6600CB259D /* SharedAppVals.m in Sources */,
				0039E5FF1566CE3600CB259D /* MessageFilterFieldEditInfo.m in Sources */,
				0039E6021566D78B00CB259D /* MessageFilterFormInfoCreator.m in Sources */,
				0039E6051566FED000CB259D /* AgeFilterFormInfoCreator.m in Sources */,
				009E320A1567E4C500233276 /* AgeFilterFieldEditInfo.m in Sources */,
				003F2397156D43490009BFE3 /* MsgListTableViewController.m in Sources */,
				006D6641156D4BC800074979 /* TrashMsgListViewController.m in Sources */,
				006D6675156E8E2500074979 /* MsgTableCell.m in Sources */,
				00D498631575380600F8FD2F /* MsgListView.m in Sources */,
				00D498761576D9FD00F8FD2F /* RulesFormInfoCreator.m in Sources */,
				00D498811576EC0100F8FD2F /* RuleObjectAdder.m in Sources */,
				00D498851577E92B00F8FD2F /* TrashRule.m in Sources */,
				00D498881577E92C00F8FD2F /* ExclusionRule.m in Sources */,
				00D4988B1577E92D00F8FD2F /* MsgHandlingRule.m in Sources */,
				00D4988E1577EB9800F8FD2F /* ExclusionRuleFormInfoCreator.m in Sources */,
				00D498921577F02B00F8FD2F /* MailCleanerFormPopulator.m in Sources */,
				00D4989915781DA600F8FD2F /* TrashRuleFormInfoCreator.m in Sources */,
				00D4989C1578371E00F8FD2F /* MsgHandlingRuleFieldEditInfo.m in Sources */,
				0017B74C157928D7001D5D28 /* MsgPredicateHelper.m in Sources */,
			);
			runOnlyForDeploymentPostprocessing = 0;
		};
		000566B71562F94D003D114D /* Sources */ = {
			isa = PBXSourcesBuildPhase;
			buildActionMask = 2147483647;
			files = (
				0017B753157968EA001D5D28 /* TestMessageFiltering.m in Sources */,
			);
			runOnlyForDeploymentPostprocessing = 0;
		};
/* End PBXSourcesBuildPhase section */

/* Begin PBXTargetDependency section */
		000566C21562F94D003D114D /* PBXTargetDependency */ = {
			isa = PBXTargetDependency;
			target = 0005668C1562F94C003D114D /* MailCleaner */;
			targetProxy = 000566C11562F94D003D114D /* PBXContainerItemProxy */;
		};
/* End PBXTargetDependency section */

/* Begin PBXVariantGroup section */
		0005669A1562F94C003D114D /* InfoPlist.strings */ = {
			isa = PBXVariantGroup;
			children = (
				0005669B1562F94C003D114D /* en */,
			);
			name = InfoPlist.strings;
			sourceTree = "<group>";
		};
		000566C61562F94D003D114D /* InfoPlist.strings */ = {
			isa = PBXVariantGroup;
			children = (
				000566C71562F94D003D114D /* en */,
			);
			name = InfoPlist.strings;
			sourceTree = "<group>";
		};
/* End PBXVariantGroup section */

/* Begin XCBuildConfiguration section */
		000566CC1562F94D003D114D /* Debug */ = {
			isa = XCBuildConfiguration;
			buildSettings = {
				ALWAYS_SEARCH_USER_PATHS = NO;
				ARCHS = "$(ARCHS_STANDARD_32_BIT)";
				"CODE_SIGN_IDENTITY[sdk=iphoneos*]" = "iPhone Developer";
				COPY_PHASE_STRIP = NO;
				GCC_C_LANGUAGE_STANDARD = gnu99;
				GCC_DYNAMIC_NO_PIC = NO;
				GCC_OPTIMIZATION_LEVEL = 0;
				GCC_PREPROCESSOR_DEFINITIONS = (
					"DEBUG=1",
					"$(inherited)",
				);
				GCC_SYMBOLS_PRIVATE_EXTERN = NO;
				GCC_VERSION = com.apple.compilers.llvm.clang.1_0;
				GCC_WARN_ABOUT_RETURN_TYPE = YES;
				GCC_WARN_UNINITIALIZED_AUTOS = YES;
				GCC_WARN_UNUSED_VARIABLE = YES;
				IPHONEOS_DEPLOYMENT_TARGET = 5.1;
				SDKROOT = iphoneos;
			};
			name = Debug;
		};
		000566CD1562F94D003D114D /* Release */ = {
			isa = XCBuildConfiguration;
			buildSettings = {
				ALWAYS_SEARCH_USER_PATHS = NO;
				ARCHS = "$(ARCHS_STANDARD_32_BIT)";
				"CODE_SIGN_IDENTITY[sdk=iphoneos*]" = "iPhone Developer";
				COPY_PHASE_STRIP = YES;
				GCC_C_LANGUAGE_STANDARD = gnu99;
				GCC_VERSION = com.apple.compilers.llvm.clang.1_0;
				GCC_WARN_ABOUT_RETURN_TYPE = YES;
				GCC_WARN_UNINITIALIZED_AUTOS = YES;
				GCC_WARN_UNUSED_VARIABLE = YES;
				IPHONEOS_DEPLOYMENT_TARGET = 5.1;
				OTHER_CFLAGS = "-DNS_BLOCK_ASSERTIONS=1";
				SDKROOT = iphoneos;
				VALIDATE_PRODUCT = YES;
			};
			name = Release;
		};
		000566CF1562F94D003D114D /* Debug */ = {
			isa = XCBuildConfiguration;
			buildSettings = {
				GCC_PRECOMPILE_PREFIX_HEADER = YES;
				GCC_PREFIX_HEADER = "MailCleaner/MailCleaner-Prefix.pch";
				HEADER_SEARCH_PATHS = (
					"\"$(SRCROOT)/..\"/**",
					"\"$(SRCROOT)/../MailCore/include\"/**",
				);
				INFOPLIST_FILE = "MailCleaner/MailCleaner-Info.plist";
				LIBRARY_SEARCH_PATHS = (
					"$(inherited)",
					"\"$(SRCROOT)\"",
					"\"$(SRCROOT)/../MailCore/build/Release-iphoneos\"",
				);
				PRODUCT_NAME = "$(TARGET_NAME)";
				WRAPPER_EXTENSION = app;
			};
			name = Debug;
		};
		000566D01562F94D003D114D /* Release */ = {
			isa = XCBuildConfiguration;
			buildSettings = {
				GCC_PRECOMPILE_PREFIX_HEADER = YES;
				GCC_PREFIX_HEADER = "MailCleaner/MailCleaner-Prefix.pch";
				HEADER_SEARCH_PATHS = (
					"\"$(SRCROOT)/..\"/**",
					"\"$(SRCROOT)/../MailCore/include\"/**",
				);
				INFOPLIST_FILE = "MailCleaner/MailCleaner-Info.plist";
				LIBRARY_SEARCH_PATHS = (
					"$(inherited)",
					"\"$(SRCROOT)\"",
					"\"$(SRCROOT)/../MailCore/build/Release-iphoneos\"",
				);
				PRODUCT_NAME = "$(TARGET_NAME)";
				WRAPPER_EXTENSION = app;
			};
			name = Release;
		};
		000566D21562F94D003D114D /* Debug */ = {
			isa = XCBuildConfiguration;
			buildSettings = {
				BUNDLE_LOADER = "$(BUILT_PRODUCTS_DIR)/MailCleaner.app/MailCleaner";
				FRAMEWORK_SEARCH_PATHS = (
					"$(SDKROOT)/Developer/Library/Frameworks",
					"$(DEVELOPER_LIBRARY_DIR)/Frameworks",
				);
				GCC_PRECOMPILE_PREFIX_HEADER = YES;
				GCC_PREFIX_HEADER = "MailCleaner/MailCleaner-Prefix.pch";
				HEADER_SEARCH_PATHS = "\"$(SRCROOT)/..\"/**";
				INFOPLIST_FILE = "MailCleanerTests/MailCleanerTests-Info.plist";
				PRODUCT_NAME = "$(TARGET_NAME)";
				TEST_HOST = "$(BUNDLE_LOADER)";
				WRAPPER_EXTENSION = octest;
			};
			name = Debug;
		};
		000566D31562F94D003D114D /* Release */ = {
			isa = XCBuildConfiguration;
			buildSettings = {
				BUNDLE_LOADER = "$(BUILT_PRODUCTS_DIR)/MailCleaner.app/MailCleaner";
				FRAMEWORK_SEARCH_PATHS = (
					"$(SDKROOT)/Developer/Library/Frameworks",
					"$(DEVELOPER_LIBRARY_DIR)/Frameworks",
				);
				GCC_PRECOMPILE_PREFIX_HEADER = YES;
				GCC_PREFIX_HEADER = "MailCleaner/MailCleaner-Prefix.pch";
				HEADER_SEARCH_PATHS = "\"$(SRCROOT)/..\"/**";
				INFOPLIST_FILE = "MailCleanerTests/MailCleanerTests-Info.plist";
				PRODUCT_NAME = "$(TARGET_NAME)";
				TEST_HOST = "$(BUNDLE_LOADER)";
				WRAPPER_EXTENSION = octest;
			};
			name = Release;
		};
/* End XCBuildConfiguration section */

/* Begin XCConfigurationList section */
		000566871562F94C003D114D /* Build configuration list for PBXProject "MailCleaner" */ = {
			isa = XCConfigurationList;
			buildConfigurations = (
				000566CC1562F94D003D114D /* Debug */,
				000566CD1562F94D003D114D /* Release */,
			);
			defaultConfigurationIsVisible = 0;
			defaultConfigurationName = Release;
		};
		000566CE1562F94D003D114D /* Build configuration list for PBXNativeTarget "MailCleaner" */ = {
			isa = XCConfigurationList;
			buildConfigurations = (
				000566CF1562F94D003D114D /* Debug */,
				000566D01562F94D003D114D /* Release */,
			);
			defaultConfigurationIsVisible = 0;
			defaultConfigurationName = Release;
		};
		000566D11562F94D003D114D /* Build configuration list for PBXNativeTarget "MailCleanerTests" */ = {
			isa = XCConfigurationList;
			buildConfigurations = (
				000566D21562F94D003D114D /* Debug */,
				000566D31562F94D003D114D /* Release */,
			);
			defaultConfigurationIsVisible = 0;
			defaultConfigurationName = Release;
		};
/* End XCConfigurationList section */

/* Begin XCVersionGroup section */
		0039E5DA1566B14000CB259D /* AppData.xcdatamodeld */ = {
			isa = XCVersionGroup;
			children = (
				0039E5DB1566B14000CB259D /* AppData.xcdatamodel */,
			);
			currentVersion = 0039E5DB1566B14000CB259D /* AppData.xcdatamodel */;
			path = AppData.xcdatamodeld;
			sourceTree = "<group>";
			versionGroupType = wrapper.xcdatamodel;
		};
		003D599615641A9A00AD3D91 /* EmailInfo.xcdatamodeld */ = {
			isa = XCVersionGroup;
			children = (
				003D599715641A9A00AD3D91 /* EmailInfo.xcdatamodel */,
			);
			currentVersion = 003D599715641A9A00AD3D91 /* EmailInfo.xcdatamodel */;
			path = EmailInfo.xcdatamodeld;
			sourceTree = "<group>";
			versionGroupType = wrapper.xcdatamodel;
		};
/* End XCVersionGroup section */
	};
	rootObject = 000566841562F94C003D114D /* Project object */;
}
